
Microsoft Visual Studio Solution File, Format Version 12.00
# Visual Studio Version 17
VisualStudioVersion = 17.0.31903.59
MinimumVisualStudioVersion = 10.0.40219.1
Project("{FAE04EC0-301F-11D3-BF4B-00C04F79EFBC}") = "Notifications.Domain", "Notifications.Domain\Notifications.Domain.csproj", "{AC1FEC6E-BAF2-404A-BC1D-643A50E65D0C}"
EndProject
Project("{FAE04EC0-301F-11D3-BF4B-00C04F79EFBC}") = "Notifications.Domain.Tests", "Notifications.Domain.Tests\Notifications.Domain.Tests.csproj", "{6EF815F2-B1D6-4E35-9D5E-E244A202873B}"
EndProject
Global
	GlobalSection(SolutionConfigurationPlatforms) = preSolution
		Debug|Any CPU = Debug|Any CPU
		Debug|x64 = Debug|x64
		Debug|x86 = Debug|x86
		Release|Any CPU = Release|Any CPU
		Release|x64 = Release|x64
		Release|x86 = Release|x86
	EndGlobalSection
	GlobalSection(ProjectConfigurationPlatforms) = postSolution
		{AC1FEC6E-BAF2-404A-BC1D-643A50E65D0C}.Debug|Any CPU.ActiveCfg = Debug|Any CPU
		{AC1FEC6E-BAF2-404A-BC1D-643A50E65D0C}.Debug|Any CPU.Build.0 = Debug|Any CPU
		{AC1FEC6E-BAF2-404A-BC1D-643A50E65D0C}.Debug|x64.ActiveCfg = Debug|Any CPU
		{AC1FEC6E-BAF2-404A-BC1D-643A50E65D0C}.Debug|x64.Build.0 = Debug|Any CPU
		{AC1FEC6E-BAF2-404A-BC1D-643A50E65D0C}.Debug|x86.ActiveCfg = Debug|Any CPU
		{AC1FEC6E-BAF2-404A-BC1D-643A50E65D0C}.Debug|x86.Build.0 = Debug|Any CPU
		{AC1FEC6E-BAF2-404A-BC1D-643A50E65D0C}.Release|Any CPU.ActiveCfg = Release|Any CPU
		{AC1FEC6E-BAF2-404A-BC1D-643A50E65D0C}.Release|Any CPU.Build.0 = Release|Any CPU
		{AC1FEC6E-BAF2-404A-BC1D-643A50E65D0C}.Release|x64.ActiveCfg = Release|Any CPU
		{AC1FEC6E-BAF2-404A-BC1D-643A50E65D0C}.Release|x64.Build.0 = Release|Any CPU
		{AC1FEC6E-BAF2-404A-BC1D-643A50E65D0C}.Release|x86.ActiveCfg = Release|Any CPU
		{AC1FEC6E-BAF2-404A-BC1D-643A50E65D0C}.Release|x86.Build.0 = Release|Any CPU
		{6EF815F2-B1D6-4E35-9D5E-E244A202873B}.Debug|Any CPU.ActiveCfg = Debug|Any CPU
		{6EF815F2-B1D6-4E35-9D5E-E244A202873B}.Debug|Any CPU.Build.0 = Debug|Any CPU
		{6EF815F2-B1D6-4E35-9D5E-E244A202873B}.Debug|x64.ActiveCfg = Debug|Any CPU
		{6EF815F2-B1D6-4E35-9D5E-E244A202873B}.Debug|x64.Build.0 = Debug|Any CPU
		{6EF815F2-B1D6-4E35-9D5E-E244A202873B}.Debug|x86.ActiveCfg = Debug|Any CPU
		{6EF815F2-B1D6-4E35-9D5E-E244A202873B}.Debug|x86.Build.0 = Debug|Any CPU
		{6EF815F2-B1D6-4E35-9D5E-E244A202873B}.Release|Any CPU.ActiveCfg = Release|Any CPU
		{6EF815F2-B1D6-4E35-9D5E-E244A202873B}.Release|Any CPU.Build.0 = Release|Any CPU
		{6EF815F2-B1D6-4E35-9D5E-E244A202873B}.Release|x64.ActiveCfg = Release|Any CPU
		{6EF815F2-B1D6-4E35-9D5E-E244A202873B}.Release|x64.Build.0 = Release|Any CPU
		{6EF815F2-B1D6-4E35-9D5E-E244A202873B}.Release|x86.ActiveCfg = Release|Any CPU
		{6EF815F2-B1D6-4E35-9D5E-E244A202873B}.Release|x86.Build.0 = Release|Any CPU
	EndGlobalSection
	GlobalSection(SolutionProperties) = preSolution
		HideSolutionNode = FALSE
	EndGlobalSection
EndGlobal
